// !$*UTF8*$!
{
	archiveVersion = 1;
	classes = {
	};
	objectVersion = 55;
	objects = {

/* Begin PBXBuildFile section */
		973B894928230DD700A2AB72 /* Main.swift in Sources */ = {isa = PBXBuildFile; fileRef = 973B894828230DD700A2AB72 /* Main.swift */; };
		973B894D28230DD800A2AB72 /* Assets.xcassets in Resources */ = {isa = PBXBuildFile; fileRef = 973B894C28230DD800A2AB72 /* Assets.xcassets */; };
		973B895028230DD800A2AB72 /* Preview Assets.xcassets in Resources */ = {isa = PBXBuildFile; fileRef = 973B894F28230DD800A2AB72 /* Preview Assets.xcassets */; };
		973B895B28230F7C00A2AB72 /* ComposableArchitecture in Frameworks */ = {isa = PBXBuildFile; productRef = 973B895A28230F7C00A2AB72 /* ComposableArchitecture */; };
		975B7930284912DA0012C273 /* FontClient.swift in Sources */ = {isa = PBXBuildFile; fileRef = 975B792F284912DA0012C273 /* FontClient.swift */; };
		977F8F3B28858DC200EE2893 /* FontInfoPreview.swift in Sources */ = {isa = PBXBuildFile; fileRef = 977F8F3A28858DC200EE2893 /* FontInfoPreview.swift */; };
		977F8F3D28858ECA00EE2893 /* FontFamilyInfoPreview.swift in Sources */ = {isa = PBXBuildFile; fileRef = 977F8F3C28858ECA00EE2893 /* FontFamilyInfoPreview.swift */; };
		97D0E26528414F9E00F4BA77 /* FontCollectionView.swift in Sources */ = {isa = PBXBuildFile; fileRef = 97D0E26428414F9E00F4BA77 /* FontCollectionView.swift */; };
		97D0E26728414FA400F4BA77 /* FontCollectionState.swift in Sources */ = {isa = PBXBuildFile; fileRef = 97D0E26628414FA400F4BA77 /* FontCollectionState.swift */; };
		97D0E26C284152D500F4BA77 /* Model+Extensions.swift in Sources */ = {isa = PBXBuildFile; fileRef = 97D0E26B284152D500F4BA77 /* Model+Extensions.swift */; };
		97DFC5AB2874949400D2E845 /* ItemPreviewType.swift in Sources */ = {isa = PBXBuildFile; fileRef = 97DFC5AA2874949400D2E845 /* ItemPreviewType.swift */; };
		97DFC5AF28749CEC00D2E845 /* ItemTypePreview.swift in Sources */ = {isa = PBXBuildFile; fileRef = 97DFC5AE28749CEC00D2E845 /* ItemTypePreview.swift */; };
		97DFC5B128749D1D00D2E845 /* ItemPreviewType+Extensions.swift in Sources */ = {isa = PBXBuildFile; fileRef = 97DFC5B028749D1D00D2E845 /* ItemPreviewType+Extensions.swift */; };
		97DFC5B32874A08700D2E845 /* ItemTypeInfoPreview.swift in Sources */ = {isa = PBXBuildFile; fileRef = 97DFC5B22874A08700D2E845 /* ItemTypeInfoPreview.swift */; };
		97DFC5B52874A09700D2E845 /* ItemTypeRepertoirePreview.swift in Sources */ = {isa = PBXBuildFile; fileRef = 97DFC5B42874A09700D2E845 /* ItemTypeRepertoirePreview.swift */; };
		97DFC5B72874A0A200D2E845 /* ItemTypeCustomPreview.swift in Sources */ = {isa = PBXBuildFile; fileRef = 97DFC5B62874A0A200D2E845 /* ItemTypeCustomPreview.swift */; };
		97DFC5B92874A0B700D2E845 /* ItemTypeSamplePreview.swift in Sources */ = {isa = PBXBuildFile; fileRef = 97DFC5B82874A0B700D2E845 /* ItemTypeSamplePreview.swift */; };
		FB294A9E28577DB700C8F8D9 /* Logger.swift in Sources */ = {isa = PBXBuildFile; fileRef = FB294A9D28577DB700C8F8D9 /* Logger.swift */; };
		FB294AA028577DD800C8F8D9 /* String+Extensions.swift in Sources */ = {isa = PBXBuildFile; fileRef = FB294A9F28577DD800C8F8D9 /* String+Extensions.swift */; };
		FB5B2E1D2874C81000BE7F8E /* FontCollection.swift in Sources */ = {isa = PBXBuildFile; fileRef = FB5B2E1C2874C81000BE7F8E /* FontCollection.swift */; };
		FB5B2E1F2874C82400BE7F8E /* Font.swift in Sources */ = {isa = PBXBuildFile; fileRef = FB5B2E1E2874C82400BE7F8E /* Font.swift */; };
		FB5B2E212874C82E00BE7F8E /* FontFamily.swift in Sources */ = {isa = PBXBuildFile; fileRef = FB5B2E202874C82E00BE7F8E /* FontFamily.swift */; };
		FB5B2E252874CAE100BE7F8E /* AppState.swift in Sources */ = {isa = PBXBuildFile; fileRef = FB5B2E242874CAE100BE7F8E /* AppState.swift */; };
		FB5B2E272874CAEA00BE7F8E /* AppView.swift in Sources */ = {isa = PBXBuildFile; fileRef = FB5B2E262874CAEA00BE7F8E /* AppView.swift */; };
		FB5B2E292874CC6500BE7F8E /* FontAttribute.swift in Sources */ = {isa = PBXBuildFile; fileRef = FB5B2E282874CC6500BE7F8E /* FontAttribute.swift */; };
		FB90B821286A077900C5141B /* Fonts in Resources */ = {isa = PBXBuildFile; fileRef = FB90B820286A077900C5141B /* Fonts */; };
		FBA3B5DC285B9DB3002C771F /* Model.swift in Sources */ = {isa = PBXBuildFile; fileRef = FBA3B5DB285B9DB3002C771F /* Model.swift */; };
		FBAE323E28786DD7004DAEB4 /* FontCollectionType.swift in Sources */ = {isa = PBXBuildFile; fileRef = FBAE323D28786DD7004DAEB4 /* FontCollectionType.swift */; };
		FBD01F7D286F3B2C00857988 /* ItemTypeRowView.swift in Sources */ = {isa = PBXBuildFile; fileRef = FBD01F7C286F3B2C00857988 /* ItemTypeRowView.swift */; };
/* End PBXBuildFile section */

/* Begin PBXFileReference section */
		973B894528230DD700A2AB72 /* iFont.app */ = {isa = PBXFileReference; explicitFileType = wrapper.application; includeInIndex = 0; path = iFont.app; sourceTree = BUILT_PRODUCTS_DIR; };
		973B894828230DD700A2AB72 /* Main.swift */ = {isa = PBXFileReference; lastKnownFileType = sourcecode.swift; path = Main.swift; sourceTree = "<group>"; };
		973B894C28230DD800A2AB72 /* Assets.xcassets */ = {isa = PBXFileReference; lastKnownFileType = folder.assetcatalog; path = Assets.xcassets; sourceTree = "<group>"; };
		973B894F28230DD800A2AB72 /* Preview Assets.xcassets */ = {isa = PBXFileReference; lastKnownFileType = folder.assetcatalog; path = "Preview Assets.xcassets"; sourceTree = "<group>"; };
		973B895128230DD800A2AB72 /* iFont.entitlements */ = {isa = PBXFileReference; lastKnownFileType = text.plist.entitlements; path = iFont.entitlements; sourceTree = "<group>"; };
		975B792F284912DA0012C273 /* FontClient.swift */ = {isa = PBXFileReference; lastKnownFileType = sourcecode.swift; path = FontClient.swift; sourceTree = "<group>"; };
		977F8F3A28858DC200EE2893 /* FontInfoPreview.swift */ = {isa = PBXFileReference; lastKnownFileType = sourcecode.swift; path = FontInfoPreview.swift; sourceTree = "<group>"; };
		977F8F3C28858ECA00EE2893 /* FontFamilyInfoPreview.swift */ = {isa = PBXFileReference; lastKnownFileType = sourcecode.swift; path = FontFamilyInfoPreview.swift; sourceTree = "<group>"; };
		97D0E26428414F9E00F4BA77 /* FontCollectionView.swift */ = {isa = PBXFileReference; lastKnownFileType = sourcecode.swift; path = FontCollectionView.swift; sourceTree = "<group>"; };
		97D0E26628414FA400F4BA77 /* FontCollectionState.swift */ = {isa = PBXFileReference; lastKnownFileType = sourcecode.swift; path = FontCollectionState.swift; sourceTree = "<group>"; };
		97D0E26B284152D500F4BA77 /* Model+Extensions.swift */ = {isa = PBXFileReference; lastKnownFileType = sourcecode.swift; path = "Model+Extensions.swift"; sourceTree = "<group>"; };
		97DFC5AA2874949400D2E845 /* ItemPreviewType.swift */ = {isa = PBXFileReference; lastKnownFileType = sourcecode.swift; path = ItemPreviewType.swift; sourceTree = "<group>"; };
		97DFC5AE28749CEC00D2E845 /* ItemTypePreview.swift */ = {isa = PBXFileReference; lastKnownFileType = sourcecode.swift; path = ItemTypePreview.swift; sourceTree = "<group>"; };
		97DFC5B028749D1D00D2E845 /* ItemPreviewType+Extensions.swift */ = {isa = PBXFileReference; lastKnownFileType = sourcecode.swift; path = "ItemPreviewType+Extensions.swift"; sourceTree = "<group>"; };
		97DFC5B22874A08700D2E845 /* ItemTypeInfoPreview.swift */ = {isa = PBXFileReference; lastKnownFileType = sourcecode.swift; path = ItemTypeInfoPreview.swift; sourceTree = "<group>"; };
		97DFC5B42874A09700D2E845 /* ItemTypeRepertoirePreview.swift */ = {isa = PBXFileReference; lastKnownFileType = sourcecode.swift; path = ItemTypeRepertoirePreview.swift; sourceTree = "<group>"; };
		97DFC5B62874A0A200D2E845 /* ItemTypeCustomPreview.swift */ = {isa = PBXFileReference; lastKnownFileType = sourcecode.swift; path = ItemTypeCustomPreview.swift; sourceTree = "<group>"; };
		97DFC5B82874A0B700D2E845 /* ItemTypeSamplePreview.swift */ = {isa = PBXFileReference; lastKnownFileType = sourcecode.swift; path = ItemTypeSamplePreview.swift; sourceTree = "<group>"; };
		FB294A9D28577DB700C8F8D9 /* Logger.swift */ = {isa = PBXFileReference; fileEncoding = 4; lastKnownFileType = sourcecode.swift; path = Logger.swift; sourceTree = "<group>"; };
		FB294A9F28577DD800C8F8D9 /* String+Extensions.swift */ = {isa = PBXFileReference; fileEncoding = 4; lastKnownFileType = sourcecode.swift; path = "String+Extensions.swift"; sourceTree = "<group>"; };
		FB5B2E1C2874C81000BE7F8E /* FontCollection.swift */ = {isa = PBXFileReference; lastKnownFileType = sourcecode.swift; path = FontCollection.swift; sourceTree = "<group>"; };
		FB5B2E1E2874C82400BE7F8E /* Font.swift */ = {isa = PBXFileReference; lastKnownFileType = sourcecode.swift; path = Font.swift; sourceTree = "<group>"; };
		FB5B2E202874C82E00BE7F8E /* FontFamily.swift */ = {isa = PBXFileReference; lastKnownFileType = sourcecode.swift; path = FontFamily.swift; sourceTree = "<group>"; };
		FB5B2E242874CAE100BE7F8E /* AppState.swift */ = {isa = PBXFileReference; lastKnownFileType = sourcecode.swift; path = AppState.swift; sourceTree = "<group>"; };
		FB5B2E262874CAEA00BE7F8E /* AppView.swift */ = {isa = PBXFileReference; lastKnownFileType = sourcecode.swift; path = AppView.swift; sourceTree = "<group>"; };
		FB5B2E282874CC6500BE7F8E /* FontAttribute.swift */ = {isa = PBXFileReference; lastKnownFileType = sourcecode.swift; path = FontAttribute.swift; sourceTree = "<group>"; };
		FB90B820286A077900C5141B /* Fonts */ = {isa = PBXFileReference; lastKnownFileType = folder; path = Fonts; sourceTree = "<group>"; };
		FBA3B5DB285B9DB3002C771F /* Model.swift */ = {isa = PBXFileReference; lastKnownFileType = sourcecode.swift; path = Model.swift; sourceTree = "<group>"; };
		FBAE323D28786DD7004DAEB4 /* FontCollectionType.swift */ = {isa = PBXFileReference; lastKnownFileType = sourcecode.swift; path = FontCollectionType.swift; sourceTree = "<group>"; };
		FBD01F7C286F3B2C00857988 /* ItemTypeRowView.swift */ = {isa = PBXFileReference; lastKnownFileType = sourcecode.swift; path = ItemTypeRowView.swift; sourceTree = "<group>"; };
/* End PBXFileReference section */

/* Begin PBXFrameworksBuildPhase section */
		973B894228230DD700A2AB72 /* Frameworks */ = {
			isa = PBXFrameworksBuildPhase;
			buildActionMask = 2147483647;
			files = (
				973B895B28230F7C00A2AB72 /* ComposableArchitecture in Frameworks */,
			);
			runOnlyForDeploymentPostprocessing = 0;
		};
/* End PBXFrameworksBuildPhase section */

/* Begin PBXGroup section */
		973B893C28230DD700A2AB72 = {
			isa = PBXGroup;
			children = (
				FB90B820286A077900C5141B /* Fonts */,
				973B894728230DD700A2AB72 /* iFont */,
				973B894628230DD700A2AB72 /* Products */,
			);
			sourceTree = "<group>";
		};
		973B894628230DD700A2AB72 /* Products */ = {
			isa = PBXGroup;
			children = (
				973B894528230DD700A2AB72 /* iFont.app */,
			);
			name = Products;
			sourceTree = "<group>";
		};
		973B894728230DD700A2AB72 /* iFont */ = {
			isa = PBXGroup;
			children = (
				973B894828230DD700A2AB72 /* Main.swift */,
				FB294A9C28577DB700C8F8D9 /* Common */,
				97D0E26328414F9100F4BA77 /* AppFeature */,
				973B894C28230DD800A2AB72 /* Assets.xcassets */,
				973B895128230DD800A2AB72 /* iFont.entitlements */,
				973B894E28230DD800A2AB72 /* Preview Content */,
			);
			path = iFont;
			sourceTree = "<group>";
		};
		973B894E28230DD800A2AB72 /* Preview Content */ = {
			isa = PBXGroup;
			children = (
				973B894F28230DD800A2AB72 /* Preview Assets.xcassets */,
			);
			path = "Preview Content";
			sourceTree = "<group>";
		};
		977F8F3728858D1700EE2893 /* ItemTypeInfoPreview */ = {
			isa = PBXGroup;
			children = (
				97DFC5B22874A08700D2E845 /* ItemTypeInfoPreview.swift */,
				977F8F3A28858DC200EE2893 /* FontInfoPreview.swift */,
				977F8F3C28858ECA00EE2893 /* FontFamilyInfoPreview.swift */,
			);
			path = ItemTypeInfoPreview;
			sourceTree = "<group>";
		};
		97D0E26328414F9100F4BA77 /* AppFeature */ = {
			isa = PBXGroup;
			children = (
				FB5B2E242874CAE100BE7F8E /* AppState.swift */,
				FB5B2E262874CAEA00BE7F8E /* AppView.swift */,
				975B792F284912DA0012C273 /* FontClient.swift */,
				FB5B2E1B2874C80000BE7F8E /* Model */,
				FBA3B5DB285B9DB3002C771F /* Model.swift */,
				97D0E26B284152D500F4BA77 /* Model+Extensions.swift */,
				FB5B2E222874C9B900BE7F8E /* FontCollectionFeature */,
				97DFC5A92874944B00D2E845 /* ItemTypePreviewFeature */,
				FBD5DC162869E8810031EFA3 /* ItemTypeRowView */,
			);
			path = AppFeature;
			sourceTree = "<group>";
		};
		97DFC5A92874944B00D2E845 /* ItemTypePreviewFeature */ = {
			isa = PBXGroup;
			children = (
				97DFC5AA2874949400D2E845 /* ItemPreviewType.swift */,
				97DFC5B028749D1D00D2E845 /* ItemPreviewType+Extensions.swift */,
				97DFC5AE28749CEC00D2E845 /* ItemTypePreview.swift */,
				97DFC5B82874A0B700D2E845 /* ItemTypeSamplePreview.swift */,
				97DFC5B42874A09700D2E845 /* ItemTypeRepertoirePreview.swift */,
				97DFC5B62874A0A200D2E845 /* ItemTypeCustomPreview.swift */,
				977F8F3728858D1700EE2893 /* ItemTypeInfoPreview */,
			);
			path = ItemTypePreviewFeature;
			sourceTree = "<group>";
		};
		FB294A9C28577DB700C8F8D9 /* Common */ = {
			isa = PBXGroup;
			children = (
				FB294A9D28577DB700C8F8D9 /* Logger.swift */,
				FB294A9F28577DD800C8F8D9 /* String+Extensions.swift */,
			);
			path = Common;
			sourceTree = "<group>";
		};
		FB5B2E1B2874C80000BE7F8E /* Model */ = {
			isa = PBXGroup;
			children = (
				FB5B2E1E2874C82400BE7F8E /* Font.swift */,
				FB5B2E282874CC6500BE7F8E /* FontAttribute.swift */,
				FB5B2E1C2874C81000BE7F8E /* FontCollection.swift */,
				FB5B2E202874C82E00BE7F8E /* FontFamily.swift */,
				FBAE323D28786DD7004DAEB4 /* FontCollectionType.swift */,
			);
			path = Model;
			sourceTree = "<group>";
		};
		FB5B2E222874C9B900BE7F8E /* FontCollectionFeature */ = {
			isa = PBXGroup;
			children = (
				97D0E26628414FA400F4BA77 /* FontCollectionState.swift */,
				97D0E26428414F9E00F4BA77 /* FontCollectionView.swift */,
			);
			path = FontCollectionFeature;
			sourceTree = "<group>";
		};
		FBD5DC162869E8810031EFA3 /* ItemTypeRowView */ = {
			isa = PBXGroup;
			children = (
				FBD01F7C286F3B2C00857988 /* ItemTypeRowView.swift */,
			);
			path = ItemTypeRowView;
			sourceTree = "<group>";
		};
/* End PBXGroup section */

/* Begin PBXNativeTarget section */
		973B894428230DD700A2AB72 /* iFont */ = {
			isa = PBXNativeTarget;
			buildConfigurationList = 973B895428230DD800A2AB72 /* Build configuration list for PBXNativeTarget "iFont" */;
			buildPhases = (
				973B894128230DD700A2AB72 /* Sources */,
				973B894228230DD700A2AB72 /* Frameworks */,
				973B894328230DD700A2AB72 /* Resources */,
			);
			buildRules = (
			);
			dependencies = (
			);
			name = iFont;
			packageProductDependencies = (
				973B895A28230F7C00A2AB72 /* ComposableArchitecture */,
			);
			productName = iFont;
			productReference = 973B894528230DD700A2AB72 /* iFont.app */;
			productType = "com.apple.product-type.application";
		};
/* End PBXNativeTarget section */

/* Begin PBXProject section */
		973B893D28230DD700A2AB72 /* Project object */ = {
			isa = PBXProject;
			attributes = {
				BuildIndependentTargetsInParallel = 1;
				LastSwiftUpdateCheck = 1330;
				LastUpgradeCheck = 1330;
				TargetAttributes = {
					973B894428230DD700A2AB72 = {
						CreatedOnToolsVersion = 13.3.1;
					};
				};
			};
			buildConfigurationList = 973B894028230DD700A2AB72 /* Build configuration list for PBXProject "iFont" */;
			compatibilityVersion = "Xcode 13.0";
			developmentRegion = en;
			hasScannedForEncodings = 0;
			knownRegions = (
				en,
				Base,
			);
			mainGroup = 973B893C28230DD700A2AB72;
			packageReferences = (
				973B895928230F7C00A2AB72 /* XCRemoteSwiftPackageReference "swift-composable-architecture" */,
			);
			productRefGroup = 973B894628230DD700A2AB72 /* Products */;
			projectDirPath = "";
			projectRoot = "";
			targets = (
				973B894428230DD700A2AB72 /* iFont */,
			);
		};
/* End PBXProject section */

/* Begin PBXResourcesBuildPhase section */
		973B894328230DD700A2AB72 /* Resources */ = {
			isa = PBXResourcesBuildPhase;
			buildActionMask = 2147483647;
			files = (
				FB90B821286A077900C5141B /* Fonts in Resources */,
				973B895028230DD800A2AB72 /* Preview Assets.xcassets in Resources */,
				973B894D28230DD800A2AB72 /* Assets.xcassets in Resources */,
			);
			runOnlyForDeploymentPostprocessing = 0;
		};
/* End PBXResourcesBuildPhase section */

/* Begin PBXSourcesBuildPhase section */
		973B894128230DD700A2AB72 /* Sources */ = {
			isa = PBXSourcesBuildPhase;
			buildActionMask = 2147483647;
			files = (
				FBA3B5DC285B9DB3002C771F /* Model.swift in Sources */,
				975B7930284912DA0012C273 /* FontClient.swift in Sources */,
				97DFC5B72874A0A200D2E845 /* ItemTypeCustomPreview.swift in Sources */,
				FB5B2E1D2874C81000BE7F8E /* FontCollection.swift in Sources */,
				977F8F3D28858ECA00EE2893 /* FontFamilyInfoPreview.swift in Sources */,
				FB294AA028577DD800C8F8D9 /* String+Extensions.swift in Sources */,
				FB5B2E292874CC6500BE7F8E /* FontAttribute.swift in Sources */,
				FB294A9E28577DB700C8F8D9 /* Logger.swift in Sources */,
				FBD01F7D286F3B2C00857988 /* ItemTypeRowView.swift in Sources */,
				977F8F3B28858DC200EE2893 /* FontInfoPreview.swift in Sources */,
				97DFC5B32874A08700D2E845 /* ItemTypeInfoPreview.swift in Sources */,
				97D0E26728414FA400F4BA77 /* FontCollectionState.swift in Sources */,
				97D0E26528414F9E00F4BA77 /* FontCollectionView.swift in Sources */,
				97DFC5B92874A0B700D2E845 /* ItemTypeSamplePreview.swift in Sources */,
				FB5B2E252874CAE100BE7F8E /* AppState.swift in Sources */,
				973B894928230DD700A2AB72 /* Main.swift in Sources */,
				97DFC5AF28749CEC00D2E845 /* ItemTypePreview.swift in Sources */,
				97DFC5B128749D1D00D2E845 /* ItemPreviewType+Extensions.swift in Sources */,
				FB5B2E212874C82E00BE7F8E /* FontFamily.swift in Sources */,
				FB5B2E1F2874C82400BE7F8E /* Font.swift in Sources */,
				FB5B2E272874CAEA00BE7F8E /* AppView.swift in Sources */,
				FBAE323E28786DD7004DAEB4 /* FontCollectionType.swift in Sources */,
				97DFC5AB2874949400D2E845 /* ItemPreviewType.swift in Sources */,
				97D0E26C284152D500F4BA77 /* Model+Extensions.swift in Sources */,
				97DFC5B52874A09700D2E845 /* ItemTypeRepertoirePreview.swift in Sources */,
			);
			runOnlyForDeploymentPostprocessing = 0;
		};
/* End PBXSourcesBuildPhase section */

/* Begin XCBuildConfiguration section */
		973B895228230DD800A2AB72 /* Debug */ = {
			isa = XCBuildConfiguration;
			buildSettings = {
				ALWAYS_SEARCH_USER_PATHS = NO;
				CLANG_ANALYZER_NONNULL = YES;
				CLANG_ANALYZER_NUMBER_OBJECT_CONVERSION = YES_AGGRESSIVE;
				CLANG_CXX_LANGUAGE_STANDARD = "gnu++17";
				CLANG_ENABLE_MODULES = YES;
				CLANG_ENABLE_OBJC_ARC = YES;
				CLANG_ENABLE_OBJC_WEAK = YES;
				CLANG_WARN_BLOCK_CAPTURE_AUTORELEASING = YES;
				CLANG_WARN_BOOL_CONVERSION = YES;
				CLANG_WARN_COMMA = YES;
				CLANG_WARN_CONSTANT_CONVERSION = YES;
				CLANG_WARN_DEPRECATED_OBJC_IMPLEMENTATIONS = YES;
				CLANG_WARN_DIRECT_OBJC_ISA_USAGE = YES_ERROR;
				CLANG_WARN_DOCUMENTATION_COMMENTS = YES;
				CLANG_WARN_EMPTY_BODY = YES;
				CLANG_WARN_ENUM_CONVERSION = YES;
				CLANG_WARN_INFINITE_RECURSION = YES;
				CLANG_WARN_INT_CONVERSION = YES;
				CLANG_WARN_NON_LITERAL_NULL_CONVERSION = YES;
				CLANG_WARN_OBJC_IMPLICIT_RETAIN_SELF = YES;
				CLANG_WARN_OBJC_LITERAL_CONVERSION = YES;
				CLANG_WARN_OBJC_ROOT_CLASS = YES_ERROR;
				CLANG_WARN_QUOTED_INCLUDE_IN_FRAMEWORK_HEADER = YES;
				CLANG_WARN_RANGE_LOOP_ANALYSIS = YES;
				CLANG_WARN_STRICT_PROTOTYPES = YES;
				CLANG_WARN_SUSPICIOUS_MOVE = YES;
				CLANG_WARN_UNGUARDED_AVAILABILITY = YES_AGGRESSIVE;
				CLANG_WARN_UNREACHABLE_CODE = YES;
				CLANG_WARN__DUPLICATE_METHOD_MATCH = YES;
				COPY_PHASE_STRIP = NO;
				DEBUG_INFORMATION_FORMAT = dwarf;
				ENABLE_STRICT_OBJC_MSGSEND = YES;
				ENABLE_TESTABILITY = YES;
				GCC_C_LANGUAGE_STANDARD = gnu11;
				GCC_DYNAMIC_NO_PIC = NO;
				GCC_NO_COMMON_BLOCKS = YES;
				GCC_OPTIMIZATION_LEVEL = 0;
				GCC_PREPROCESSOR_DEFINITIONS = (
					"DEBUG=1",
					"$(inherited)",
				);
				GCC_WARN_64_TO_32_BIT_CONVERSION = YES;
				GCC_WARN_ABOUT_RETURN_TYPE = YES_ERROR;
				GCC_WARN_UNDECLARED_SELECTOR = YES;
				GCC_WARN_UNINITIALIZED_AUTOS = YES_AGGRESSIVE;
				GCC_WARN_UNUSED_FUNCTION = YES;
				GCC_WARN_UNUSED_VARIABLE = YES;
				MACOSX_DEPLOYMENT_TARGET = 12.0;
				MTL_ENABLE_DEBUG_INFO = INCLUDE_SOURCE;
				MTL_FAST_MATH = YES;
				ONLY_ACTIVE_ARCH = YES;
				SDKROOT = macosx;
				SWIFT_ACTIVE_COMPILATION_CONDITIONS = DEBUG;
				SWIFT_OPTIMIZATION_LEVEL = "-Onone";
			};
			name = Debug;
		};
		973B895328230DD800A2AB72 /* Release */ = {
			isa = XCBuildConfiguration;
			buildSettings = {
				ALWAYS_SEARCH_USER_PATHS = NO;
				CLANG_ANALYZER_NONNULL = YES;
				CLANG_ANALYZER_NUMBER_OBJECT_CONVERSION = YES_AGGRESSIVE;
				CLANG_CXX_LANGUAGE_STANDARD = "gnu++17";
				CLANG_ENABLE_MODULES = YES;
				CLANG_ENABLE_OBJC_ARC = YES;
				CLANG_ENABLE_OBJC_WEAK = YES;
				CLANG_WARN_BLOCK_CAPTURE_AUTORELEASING = YES;
				CLANG_WARN_BOOL_CONVERSION = YES;
				CLANG_WARN_COMMA = YES;
				CLANG_WARN_CONSTANT_CONVERSION = YES;
				CLANG_WARN_DEPRECATED_OBJC_IMPLEMENTATIONS = YES;
				CLANG_WARN_DIRECT_OBJC_ISA_USAGE = YES_ERROR;
				CLANG_WARN_DOCUMENTATION_COMMENTS = YES;
				CLANG_WARN_EMPTY_BODY = YES;
				CLANG_WARN_ENUM_CONVERSION = YES;
				CLANG_WARN_INFINITE_RECURSION = YES;
				CLANG_WARN_INT_CONVERSION = YES;
				CLANG_WARN_NON_LITERAL_NULL_CONVERSION = YES;
				CLANG_WARN_OBJC_IMPLICIT_RETAIN_SELF = YES;
				CLANG_WARN_OBJC_LITERAL_CONVERSION = YES;
				CLANG_WARN_OBJC_ROOT_CLASS = YES_ERROR;
				CLANG_WARN_QUOTED_INCLUDE_IN_FRAMEWORK_HEADER = YES;
				CLANG_WARN_RANGE_LOOP_ANALYSIS = YES;
				CLANG_WARN_STRICT_PROTOTYPES = YES;
				CLANG_WARN_SUSPICIOUS_MOVE = YES;
				CLANG_WARN_UNGUARDED_AVAILABILITY = YES_AGGRESSIVE;
				CLANG_WARN_UNREACHABLE_CODE = YES;
				CLANG_WARN__DUPLICATE_METHOD_MATCH = YES;
				COPY_PHASE_STRIP = NO;
				DEBUG_INFORMATION_FORMAT = "dwarf-with-dsym";
				ENABLE_NS_ASSERTIONS = NO;
				ENABLE_STRICT_OBJC_MSGSEND = YES;
				GCC_C_LANGUAGE_STANDARD = gnu11;
				GCC_NO_COMMON_BLOCKS = YES;
				GCC_WARN_64_TO_32_BIT_CONVERSION = YES;
				GCC_WARN_ABOUT_RETURN_TYPE = YES_ERROR;
				GCC_WARN_UNDECLARED_SELECTOR = YES;
				GCC_WARN_UNINITIALIZED_AUTOS = YES_AGGRESSIVE;
				GCC_WARN_UNUSED_FUNCTION = YES;
				GCC_WARN_UNUSED_VARIABLE = YES;
				MACOSX_DEPLOYMENT_TARGET = 12.0;
				MTL_ENABLE_DEBUG_INFO = NO;
				MTL_FAST_MATH = YES;
				SDKROOT = macosx;
				SWIFT_COMPILATION_MODE = wholemodule;
				SWIFT_OPTIMIZATION_LEVEL = "-O";
			};
			name = Release;
		};
		973B895528230DD800A2AB72 /* Debug */ = {
			isa = XCBuildConfiguration;
			buildSettings = {
				ASSETCATALOG_COMPILER_APPICON_NAME = AppIcon;
				ASSETCATALOG_COMPILER_GLOBAL_ACCENT_COLOR_NAME = AccentColor;
				CODE_SIGN_ENTITLEMENTS = iFont/iFont.entitlements;
				COMBINE_HIDPI_IMAGES = YES;
				CURRENT_PROJECT_VERSION = 1;
				DEVELOPMENT_ASSET_PATHS = "\"iFont/Preview Content\"";
				DEVELOPMENT_TEAM = ME637H7ZM9;
				ENABLE_PREVIEWS = YES;
				GENERATE_INFOPLIST_FILE = YES;
				INFOPLIST_KEY_NSHumanReadableCopyright = "";
				LD_RUNPATH_SEARCH_PATHS = (
					"$(inherited)",
					"@executable_path/../Frameworks",
				);
				MARKETING_VERSION = 1.0;
				PRODUCT_BUNDLE_IDENTIFIER = com.dedaInc.iFont;
				PRODUCT_NAME = "$(TARGET_NAME)";
				SWIFT_EMIT_LOC_STRINGS = YES;
				SWIFT_VERSION = 5.0;
			};
			name = Debug;
		};
		973B895628230DD800A2AB72 /* Release */ = {
			isa = XCBuildConfiguration;
			buildSettings = {
				ASSETCATALOG_COMPILER_APPICON_NAME = AppIcon;
				ASSETCATALOG_COMPILER_GLOBAL_ACCENT_COLOR_NAME = AccentColor;
				CODE_SIGN_ENTITLEMENTS = iFont/iFont.entitlements;
				COMBINE_HIDPI_IMAGES = YES;
				CURRENT_PROJECT_VERSION = 1;
				DEVELOPMENT_ASSET_PATHS = "\"iFont/Preview Content\"";
				DEVELOPMENT_TEAM = ME637H7ZM9;
				ENABLE_PREVIEWS = YES;
				GENERATE_INFOPLIST_FILE = YES;
				INFOPLIST_KEY_NSHumanReadableCopyright = "";
				LD_RUNPATH_SEARCH_PATHS = (
					"$(inherited)",
					"@executable_path/../Frameworks",
				);
				MARKETING_VERSION = 1.0;
				PRODUCT_BUNDLE_IDENTIFIER = com.dedaInc.iFont;
				PRODUCT_NAME = "$(TARGET_NAME)";
				SWIFT_EMIT_LOC_STRINGS = YES;
				SWIFT_VERSION = 5.0;
			};
			name = Release;
		};
/* End XCBuildConfiguration section */

/* Begin XCConfigurationList section */
		973B894028230DD700A2AB72 /* Build configuration list for PBXProject "iFont" */ = {
			isa = XCConfigurationList;
			buildConfigurations = (
				973B895228230DD800A2AB72 /* Debug */,
				973B895328230DD800A2AB72 /* Release */,
			);
			defaultConfigurationIsVisible = 0;
			defaultConfigurationName = Release;
		};
		973B895428230DD800A2AB72 /* Build configuration list for PBXNativeTarget "iFont" */ = {
			isa = XCConfigurationList;
			buildConfigurations = (
				973B895528230DD800A2AB72 /* Debug */,
				973B895628230DD800A2AB72 /* Release */,
			);
			defaultConfigurationIsVisible = 0;
			defaultConfigurationName = Release;
		};
/* End XCConfigurationList section */

/* Begin XCRemoteSwiftPackageReference section */
		973B895928230F7C00A2AB72 /* XCRemoteSwiftPackageReference "swift-composable-architecture" */ = {
			isa = XCRemoteSwiftPackageReference;
			repositoryURL = "https://github.com/pointfreeco/swift-composable-architecture.git";
			requirement = {
				kind = upToNextMajorVersion;
				minimumVersion = 0.9.0;
			};
		};
/* End XCRemoteSwiftPackageReference section */

/* Begin XCSwiftPackageProductDependency section */
		973B895A28230F7C00A2AB72 /* ComposableArchitecture */ = {
			isa = XCSwiftPackageProductDependency;
			package = 973B895928230F7C00A2AB72 /* XCRemoteSwiftPackageReference "swift-composable-architecture" */;
			productName = ComposableArchitecture;
		};
/* End XCSwiftPackageProductDependency section */
	};
	rootObject = 973B893D28230DD700A2AB72 /* Project object */;
}
